
Microsoft Visual Studio Solution File, Format Version 12.00
# Visual Studio 14
VisualStudioVersion = 14.0.24720.0
MinimumVisualStudioVersion = 10.0.40219.1
Project("{2150E333-8FDC-42A3-9474-1A3956D46DE8}") = "Web", "Web", "{0465211B-50A9-4846-969C-2449886F229D}"
EndProject
Project("{FAE04EC0-301F-11D3-BF4B-00C04F79EFBC}") = "TrueSnow.Web", "Web\TrueSnow.Web\TrueSnow.Web.csproj", "{BEBE949E-7AC0-4B68-8D02-5713AEF52684}"
EndProject
Project("{2150E333-8FDC-42A3-9474-1A3956D46DE8}") = "Data", "Data", "{6543EF8A-87B6-4105-8B7E-E860746034E9}"
EndProject
Project("{FAE04EC0-301F-11D3-BF4B-00C04F79EFBC}") = "TrueSnow.Data", "Data\TrueSnow.Data\TrueSnow.Data.csproj", "{6BC1979B-C594-490F-950B-0BEA0EE6C783}"
EndProject
Project("{FAE04EC0-301F-11D3-BF4B-00C04F79EFBC}") = "TrueSnow.Data.Models", "Data\TrueSnow.Data.Models\TrueSnow.Data.Models.csproj", "{3C8217B5-1FE1-4587-9B00-7122D6C12746}"
EndProject
Project("{FAE04EC0-301F-11D3-BF4B-00C04F79EFBC}") = "TrueSnow.Web.Infrastructure", "Web\TrueSnow.Web.Infrastructure\TrueSnow.Web.Infrastructure.csproj", "{E65FDFFF-BAEB-4CCD-9FCA-6C5AA95BDC88}"
EndProject
Project("{2150E333-8FDC-42A3-9474-1A3956D46DE8}") = "Services", "Services", "{BD9950F0-C137-4825-8F7E-EF5E92CF2B43}"
EndProject
Project("{2150E333-8FDC-42A3-9474-1A3956D46DE8}") = "Tests", "Tests", "{2B55C741-1912-4105-907B-901B92A0C81E}"
EndProject
Project("{2150E333-8FDC-42A3-9474-1A3956D46DE8}") = "Tools", "Tools", "{16BC822D-1182-495B-BD7F-CB11CDC48F88}"
EndProject
Project("{FAE04EC0-301F-11D3-BF4B-00C04F79EFBC}") = "TrueSnow.Data.Common", "Data\TrueSnow.Data.Common\TrueSnow.Data.Common.csproj", "{3F2DFBBE-1E54-4DE3-821B-3824517CDA0A}"
EndProject
Project("{FAE04EC0-301F-11D3-BF4B-00C04F79EFBC}") = "TrueSnow.Services.Data", "Services\TrueSnow.Services.Data\TrueSnow.Services.Data.csproj", "{FD393A4B-F93D-4022-A4FD-320C35B4CA5F}"
EndProject
Project("{FAE04EC0-301F-11D3-BF4B-00C04F79EFBC}") = "TrueSnow.Services.Web", "Services\TrueSnow.Services.Web\TrueSnow.Services.Web.csproj", "{0C6A3A80-D9CC-438D-B596-33658639786D}"
EndProject
Project("{FAE04EC0-301F-11D3-BF4B-00C04F79EFBC}") = "TrueSnow.Tests.Web.Services", "Tests\TrueSnow.Tests.Web.Services\TrueSnow.Tests.Web.Services.csproj", "{CFE9B632-753B-453D-9C98-5FF27B18C878}"
EndProject
Project("{FAE04EC0-301F-11D3-BF4B-00C04F79EFBC}") = "TrueSnow.Tests.Web.Controllers", "Tests\TrueSnow.Tests.Web.Controllers\TrueSnow.Tests.Web.Controllers.csproj", "{A0705623-8C92-45CF-8D01-2B413FA95F9B}"
EndProject
Project("{FAE04EC0-301F-11D3-BF4B-00C04F79EFBC}") = "TrueSnow.Tests.Web.Routes", "Tests\TrueSnow.Tests.Web.Routes\TrueSnow.Tests.Web.Routes.csproj", "{7551FDF8-5CC3-4581-B4F8-EBFE6A0D04A1}"
EndProject
Project("{FAE04EC0-301F-11D3-BF4B-00C04F79EFBC}") = "Crawler", "Tools\Crawler\Crawler.csproj", "{AA74B468-0FBE-446F-B8BF-EF411AD73D6E}"
EndProject
Global
	GlobalSection(SolutionConfigurationPlatforms) = preSolution
		Debug|Any CPU = Debug|Any CPU
		Release|Any CPU = Release|Any CPU
	EndGlobalSection
	GlobalSection(ProjectConfigurationPlatforms) = postSolution
		{BEBE949E-7AC0-4B68-8D02-5713AEF52684}.Debug|Any CPU.ActiveCfg = Debug|Any CPU
		{BEBE949E-7AC0-4B68-8D02-5713AEF52684}.Debug|Any CPU.Build.0 = Debug|Any CPU
		{BEBE949E-7AC0-4B68-8D02-5713AEF52684}.Release|Any CPU.ActiveCfg = Release|Any CPU
		{BEBE949E-7AC0-4B68-8D02-5713AEF52684}.Release|Any CPU.Build.0 = Release|Any CPU
		{6BC1979B-C594-490F-950B-0BEA0EE6C783}.Debug|Any CPU.ActiveCfg = Debug|Any CPU
		{6BC1979B-C594-490F-950B-0BEA0EE6C783}.Debug|Any CPU.Build.0 = Debug|Any CPU
		{6BC1979B-C594-490F-950B-0BEA0EE6C783}.Release|Any CPU.ActiveCfg = Release|Any CPU
		{6BC1979B-C594-490F-950B-0BEA0EE6C783}.Release|Any CPU.Build.0 = Release|Any CPU
		{3C8217B5-1FE1-4587-9B00-7122D6C12746}.Debug|Any CPU.ActiveCfg = Debug|Any CPU
		{3C8217B5-1FE1-4587-9B00-7122D6C12746}.Debug|Any CPU.Build.0 = Debug|Any CPU
		{3C8217B5-1FE1-4587-9B00-7122D6C12746}.Release|Any CPU.ActiveCfg = Release|Any CPU
		{3C8217B5-1FE1-4587-9B00-7122D6C12746}.Release|Any CPU.Build.0 = Release|Any CPU
		{E65FDFFF-BAEB-4CCD-9FCA-6C5AA95BDC88}.Debug|Any CPU.ActiveCfg = Debug|Any CPU
		{E65FDFFF-BAEB-4CCD-9FCA-6C5AA95BDC88}.Debug|Any CPU.Build.0 = Debug|Any CPU
		{E65FDFFF-BAEB-4CCD-9FCA-6C5AA95BDC88}.Release|Any CPU.ActiveCfg = Release|Any CPU
		{E65FDFFF-BAEB-4CCD-9FCA-6C5AA95BDC88}.Release|Any CPU.Build.0 = Release|Any CPU
		{3F2DFBBE-1E54-4DE3-821B-3824517CDA0A}.Debug|Any CPU.ActiveCfg = Debug|Any CPU
		{3F2DFBBE-1E54-4DE3-821B-3824517CDA0A}.Debug|Any CPU.Build.0 = Debug|Any CPU
		{3F2DFBBE-1E54-4DE3-821B-3824517CDA0A}.Release|Any CPU.ActiveCfg = Release|Any CPU
		{3F2DFBBE-1E54-4DE3-821B-3824517CDA0A}.Release|Any CPU.Build.0 = Release|Any CPU
		{FD393A4B-F93D-4022-A4FD-320C35B4CA5F}.Debug|Any CPU.ActiveCfg = Debug|Any CPU
		{FD393A4B-F93D-4022-A4FD-320C35B4CA5F}.Debug|Any CPU.Build.0 = Debug|Any CPU
		{FD393A4B-F93D-4022-A4FD-320C35B4CA5F}.Release|Any CPU.ActiveCfg = Release|Any CPU
		{FD393A4B-F93D-4022-A4FD-320C35B4CA5F}.Release|Any CPU.Build.0 = Release|Any CPU
		{0C6A3A80-D9CC-438D-B596-33658639786D}.Debug|Any CPU.ActiveCfg = Debug|Any CPU
		{0C6A3A80-D9CC-438D-B596-33658639786D}.Debug|Any CPU.Build.0 = Debug|Any CPU
		{0C6A3A80-D9CC-438D-B596-33658639786D}.Release|Any CPU.ActiveCfg = Release|Any CPU
		{0C6A3A80-D9CC-438D-B596-33658639786D}.Release|Any CPU.Build.0 = Release|Any CPU
		{CFE9B632-753B-453D-9C98-5FF27B18C878}.Debug|Any CPU.ActiveCfg = Debug|Any CPU
		{CFE9B632-753B-453D-9C98-5FF27B18C878}.Debug|Any CPU.Build.0 = Debug|Any CPU
		{CFE9B632-753B-453D-9C98-5FF27B18C878}.Release|Any CPU.ActiveCfg = Release|Any CPU
		{CFE9B632-753B-453D-9C98-5FF27B18C878}.Release|Any CPU.Build.0 = Release|Any CPU
		{A0705623-8C92-45CF-8D01-2B413FA95F9B}.Debug|Any CPU.ActiveCfg = Debug|Any CPU
		{A0705623-8C92-45CF-8D01-2B413FA95F9B}.Debug|Any CPU.Build.0 = Debug|Any CPU
		{A0705623-8C92-45CF-8D01-2B413FA95F9B}.Release|Any CPU.ActiveCfg = Release|Any CPU
		{A0705623-8C92-45CF-8D01-2B413FA95F9B}.Release|Any CPU.Build.0 = Release|Any CPU
		{7551FDF8-5CC3-4581-B4F8-EBFE6A0D04A1}.Debug|Any CPU.ActiveCfg = Debug|Any CPU
		{7551FDF8-5CC3-4581-B4F8-EBFE6A0D04A1}.Debug|Any CPU.Build.0 = Debug|Any CPU
		{7551FDF8-5CC3-4581-B4F8-EBFE6A0D04A1}.Release|Any CPU.ActiveCfg = Release|Any CPU
		{7551FDF8-5CC3-4581-B4F8-EBFE6A0D04A1}.Release|Any CPU.Build.0 = Release|Any CPU
		{AA74B468-0FBE-446F-B8BF-EF411AD73D6E}.Debug|Any CPU.ActiveCfg = Debug|Any CPU
		{AA74B468-0FBE-446F-B8BF-EF411AD73D6E}.Debug|Any CPU.Build.0 = Debug|Any CPU
		{AA74B468-0FBE-446F-B8BF-EF411AD73D6E}.Release|Any CPU.ActiveCfg = Release|Any CPU
		{AA74B468-0FBE-446F-B8BF-EF411AD73D6E}.Release|Any CPU.Build.0 = Release|Any CPU
	EndGlobalSection
	GlobalSection(SolutionProperties) = preSolution
		HideSolutionNode = FALSE
	EndGlobalSection
	GlobalSection(NestedProjects) = preSolution
		{BEBE949E-7AC0-4B68-8D02-5713AEF52684} = {0465211B-50A9-4846-969C-2449886F229D}
		{6BC1979B-C594-490F-950B-0BEA0EE6C783} = {6543EF8A-87B6-4105-8B7E-E860746034E9}
		{3C8217B5-1FE1-4587-9B00-7122D6C12746} = {6543EF8A-87B6-4105-8B7E-E860746034E9}
		{E65FDFFF-BAEB-4CCD-9FCA-6C5AA95BDC88} = {0465211B-50A9-4846-969C-2449886F229D}
		{3F2DFBBE-1E54-4DE3-821B-3824517CDA0A} = {6543EF8A-87B6-4105-8B7E-E860746034E9}
		{FD393A4B-F93D-4022-A4FD-320C35B4CA5F} = {BD9950F0-C137-4825-8F7E-EF5E92CF2B43}
		{0C6A3A80-D9CC-438D-B596-33658639786D} = {BD9950F0-C137-4825-8F7E-EF5E92CF2B43}
		{CFE9B632-753B-453D-9C98-5FF27B18C878} = {2B55C741-1912-4105-907B-901B92A0C81E}
		{A0705623-8C92-45CF-8D01-2B413FA95F9B} = {2B55C741-1912-4105-907B-901B92A0C81E}
		{7551FDF8-5CC3-4581-B4F8-EBFE6A0D04A1} = {2B55C741-1912-4105-907B-901B92A0C81E}
		{AA74B468-0FBE-446F-B8BF-EF411AD73D6E} = {16BC822D-1182-495B-BD7F-CB11CDC48F88}
	EndGlobalSection
EndGlobal
